
Microsoft Visual Studio Solution File, Format Version 12.00
# Visual Studio Version 17
VisualStudioVersion = 17.9.34701.34
MinimumVisualStudioVersion = 10.0.40219.1
Project("{FAE04EC0-301F-11D3-BF4B-00C04F79EFBC}") = "DelegatsLambda", "DelegatsLambda\DelegatsLambda.csproj", "{4DC49180-E9E2-4F05-B80F-9FB41223570D}"
EndProject
Global
	GlobalSection(SolutionConfigurationPlatforms) = preSolution
		Debug|Any CPU = Debug|Any CPU
		Release|Any CPU = Release|Any CPU
	EndGlobalSection
	GlobalSection(ProjectConfigurationPlatforms) = postSolution
		{4DC49180-E9E2-4F05-B80F-9FB41223570D}.Debug|Any CPU.ActiveCfg = Debug|Any CPU
		{4DC49180-E9E2-4F05-B80F-9FB41223570D}.Debug|Any CPU.Build.0 = Debug|Any CPU
		{4DC49180-E9E2-4F05-B80F-9FB41223570D}.Release|Any CPU.ActiveCfg = Release|Any CPU
		{4DC49180-E9E2-4F05-B80F-9FB41223570D}.Release|Any CPU.Build.0 = Release|Any CPU
	EndGlobalSection
	GlobalSection(SolutionProperties) = preSolution
		HideSolutionNode = FALSE
	EndGlobalSection
	GlobalSection(ExtensibilityGlobals) = postSolution
		SolutionGuid = {2B7C191A-C20E-4045-9E8A-BEACE32C0BCA}
	EndGlobalSection
EndGlobal
